{
  "version": 4,
  "terraform_version": "1.2.6",
  "serial": 3,
  "lineage": "08bab809-43ea-22eb-99b0-7168bf45b3dd",
  "outputs": {},
  "resources": [
    {
      "mode": "managed",
      "type": "github_repository",
      "name": "Myrepo",
      "provider": "provider[\"registry.terraform.io/integrations/github\"]",
      "instances": [
        {
          "schema_version": 0,
          "attributes": {
            "allow_auto_merge": false,
            "allow_merge_commit": true,
            "allow_rebase_merge": true,
            "allow_squash_merge": true,
            "archive_on_destroy": null,
            "archived": false,
            "auto_init": null,
            "branches": [],
            "default_branch": "main",
            "delete_branch_on_merge": false,
            "description": "My Terraform Repo",
            "etag": "W/\"93992c5eabe06cfccaf691928b4539c11dc657aa556fdd0ab9c1e4aec537a6ea\"",
            "full_name": "ialhashidi/Terraform-repo",
            "git_clone_url": "git://github.com/ialhashidi/Terraform-repo.git",
            "gitignore_template": null,
            "has_downloads": false,
            "has_issues": false,
            "has_projects": false,
            "has_wiki": false,
            "homepage_url": "",
            "html_url": "https://github.com/ialhashidi/Terraform-repo",
            "http_clone_url": "https://github.com/ialhashidi/Terraform-repo.git",
            "id": "Terraform-repo",
            "ignore_vulnerability_alerts_during_read": null,
            "is_template": false,
            "license_template": null,
            "name": "Terraform-repo",
            "node_id": "R_kgDOHy2nPg",
            "pages": [],
            "private": false,
            "repo_id": 523085630,
            "ssh_clone_url": "git@github.com:ialhashidi/Terraform-repo.git",
            "svn_url": "https://github.com/ialhashidi/Terraform-repo",
            "template": [],
            "topics": null,
            "visibility": "public",
            "vulnerability_alerts": false
          },
          "sensitive_attributes": [],
          "private": "bnVsbA=="
        }
      ]
    }
  ]
}
